
Microsoft Visual Studio Solution File, Format Version 12.00
# Visual Studio 15
VisualStudioVersion = 15.0.26730.16
MinimumVisualStudioVersion = 10.0.40219.1
Project("{FAE04EC0-301F-11D3-BF4B-00C04F79EFBC}") = "Loteria", "Loteria\Loteria.csproj", "{ADC8D58B-F82B-4A74-9891-95096B3DA454}"
EndProject
Global
	GlobalSection(SolutionConfigurationPlatforms) = preSolution
		Debug|Any CPU = Debug|Any CPU
		Release|Any CPU = Release|Any CPU
	EndGlobalSection
	GlobalSection(ProjectConfigurationPlatforms) = postSolution
		{ADC8D58B-F82B-4A74-9891-95096B3DA454}.Debug|Any CPU.ActiveCfg = Debug|Any CPU
		{ADC8D58B-F82B-4A74-9891-95096B3DA454}.Debug|Any CPU.Build.0 = Debug|Any CPU
		{ADC8D58B-F82B-4A74-9891-95096B3DA454}.Release|Any CPU.ActiveCfg = Release|Any CPU
		{ADC8D58B-F82B-4A74-9891-95096B3DA454}.Release|Any CPU.Build.0 = Release|Any CPU
	EndGlobalSection
	GlobalSection(SolutionProperties) = preSolution
		HideSolutionNode = FALSE
	EndGlobalSection
	GlobalSection(ExtensibilityGlobals) = postSolution
		SolutionGuid = {818F6965-1515-4A4F-ACCB-4CCEB0473DE7}
	EndGlobalSection
EndGlobal
